
Microsoft Visual Studio Solution File, Format Version 12.00
# Visual Studio Version 16
VisualStudioVersion = 16.0.32510.428
MinimumVisualStudioVersion = 10.0.40219.1
Project("{FAE04EC0-301F-11D3-BF4B-00C04F79EFBC}") = "Wine", "Wine\Wine.csproj", "{B16FB19E-8E7D-4DCD-AEA1-F6F523FBF315}"
EndProject
Global
	GlobalSection(SolutionConfigurationPlatforms) = preSolution
		Debug|Any CPU = Debug|Any CPU
		Release|Any CPU = Release|Any CPU
	EndGlobalSection
	GlobalSection(ProjectConfigurationPlatforms) = postSolution
		{B16FB19E-8E7D-4DCD-AEA1-F6F523FBF315}.Debug|Any CPU.ActiveCfg = Debug|Any CPU
		{B16FB19E-8E7D-4DCD-AEA1-F6F523FBF315}.Debug|Any CPU.Build.0 = Debug|Any CPU
		{B16FB19E-8E7D-4DCD-AEA1-F6F523FBF315}.Release|Any CPU.ActiveCfg = Release|Any CPU
		{B16FB19E-8E7D-4DCD-AEA1-F6F523FBF315}.Release|Any CPU.Build.0 = Release|Any CPU
	EndGlobalSection
	GlobalSection(SolutionProperties) = preSolution
		HideSolutionNode = FALSE
	EndGlobalSection
	GlobalSection(ExtensibilityGlobals) = postSolution
		SolutionGuid = {7C72E419-16B3-4F02-87C4-8A7539D6081A}
	EndGlobalSection
EndGlobal
